{
    "name": "imagic-telegram",
    "version": "1.0.0",
    "lockfileVersion": 3,
    "requires": true,
    "packages": {
        "": {
            "name": "imagic-telegram",
            "version": "1.0.0",
            "license": "MIT",
            "dependencies": {
                "imagic-request": "^1.0.1"
            },
            "engines": {
                "node": ">=18"
            }
        },
        "node_modules/imagic-request": {
            "version": "1.0.1",
            "resolved": "https://registry.npmjs.org/imagic-request/-/imagic-request-1.0.1.tgz",
            "integrity": "sha512-PsZyysp/jiSaimkWnAsNL5Tznhrl+BbJP/Xa77xQQzd887MAkMurjj8rj1Rbs2PtOxTwhuBT/FiEgYxzs/PeNQ==",
            "license": "MIT",
            "engines": {
                "node": ">=20"
            }
        }
    }
}
